
Microsoft Visual Studio Solution File, Format Version 12.00
# Visual Studio Version 17
VisualStudioVersion = 17.3.32819.101
MinimumVisualStudioVersion = 10.0.40219.1
Project("{FAE04EC0-301F-11D3-BF4B-00C04F79EFBC}") = "BMI4", "BMI4.csproj", "{70BEDD04-9D50-4678-BD92-99E304B2B8C5}"
EndProject
Global
	GlobalSection(SolutionConfigurationPlatforms) = preSolution
		Debug|Any CPU = Debug|Any CPU
		Release|Any CPU = Release|Any CPU
	EndGlobalSection
	GlobalSection(ProjectConfigurationPlatforms) = postSolution
		{70BEDD04-9D50-4678-BD92-99E304B2B8C5}.Debug|Any CPU.ActiveCfg = Debug|Any CPU
		{70BEDD04-9D50-4678-BD92-99E304B2B8C5}.Debug|Any CPU.Build.0 = Debug|Any CPU
		{70BEDD04-9D50-4678-BD92-99E304B2B8C5}.Release|Any CPU.ActiveCfg = Release|Any CPU
		{70BEDD04-9D50-4678-BD92-99E304B2B8C5}.Release|Any CPU.Build.0 = Release|Any CPU
	EndGlobalSection
	GlobalSection(SolutionProperties) = preSolution
		HideSolutionNode = FALSE
	EndGlobalSection
	GlobalSection(ExtensibilityGlobals) = postSolution
		SolutionGuid = {CDA02B0F-13AC-4C48-BF9F-5AE389B38BB5}
	EndGlobalSection
EndGlobal
